
Microsoft Visual Studio Solution File, Format Version 12.00
Project("{FAE04EC0-301F-11D3-BF4B-00C04F79EFBC}") = "CinemaManager.Models", "CinemaManager.Models\CinemaManager.Models.csproj", "{2637921A-A6FD-497C-9EC6-064BBC91868D}"
EndProject
Project("{FAE04EC0-301F-11D3-BF4B-00C04F79EFBC}") = "CinemaManager.ViewModels", "CinemaManager.ViewModels\CinemaManager.ViewModels.csproj", "{00279DE7-8E6C-41D8-9E63-AD49B4CC00C8}"
EndProject
Project("{FAE04EC0-301F-11D3-BF4B-00C04F79EFBC}") = "CinemaManager.Services", "CinemaManager.Services\CinemaManager.Services.csproj", "{ADBA6C76-C5A2-4A21-909D-433BAC6FD602}"
EndProject
Project("{FAE04EC0-301F-11D3-BF4B-00C04F79EFBC}") = "CinemaManager.App", "CinemaManager.App\CinemaManager.App.csproj", "{314256B0-32D2-4280-8E29-B91C2866552B}"
EndProject
Global
	GlobalSection(SolutionConfigurationPlatforms) = preSolution
		Debug|Any CPU = Debug|Any CPU
		Release|Any CPU = Release|Any CPU
	EndGlobalSection
	GlobalSection(ProjectConfigurationPlatforms) = postSolution
		{2637921A-A6FD-497C-9EC6-064BBC91868D}.Debug|Any CPU.ActiveCfg = Debug|Any CPU
		{2637921A-A6FD-497C-9EC6-064BBC91868D}.Debug|Any CPU.Build.0 = Debug|Any CPU
		{2637921A-A6FD-497C-9EC6-064BBC91868D}.Release|Any CPU.ActiveCfg = Release|Any CPU
		{2637921A-A6FD-497C-9EC6-064BBC91868D}.Release|Any CPU.Build.0 = Release|Any CPU
		{00279DE7-8E6C-41D8-9E63-AD49B4CC00C8}.Debug|Any CPU.ActiveCfg = Debug|Any CPU
		{00279DE7-8E6C-41D8-9E63-AD49B4CC00C8}.Debug|Any CPU.Build.0 = Debug|Any CPU
		{00279DE7-8E6C-41D8-9E63-AD49B4CC00C8}.Release|Any CPU.ActiveCfg = Release|Any CPU
		{00279DE7-8E6C-41D8-9E63-AD49B4CC00C8}.Release|Any CPU.Build.0 = Release|Any CPU
		{ADBA6C76-C5A2-4A21-909D-433BAC6FD602}.Debug|Any CPU.ActiveCfg = Debug|Any CPU
		{ADBA6C76-C5A2-4A21-909D-433BAC6FD602}.Debug|Any CPU.Build.0 = Debug|Any CPU
		{ADBA6C76-C5A2-4A21-909D-433BAC6FD602}.Release|Any CPU.ActiveCfg = Release|Any CPU
		{ADBA6C76-C5A2-4A21-909D-433BAC6FD602}.Release|Any CPU.Build.0 = Release|Any CPU
		{314256B0-32D2-4280-8E29-B91C2866552B}.Debug|Any CPU.ActiveCfg = Debug|Any CPU
		{314256B0-32D2-4280-8E29-B91C2866552B}.Debug|Any CPU.Build.0 = Debug|Any CPU
		{314256B0-32D2-4280-8E29-B91C2866552B}.Release|Any CPU.ActiveCfg = Release|Any CPU
		{314256B0-32D2-4280-8E29-B91C2866552B}.Release|Any CPU.Build.0 = Release|Any CPU
	EndGlobalSection
EndGlobal
